# This file is generated by running "yarn install" inside your project.
# Manual changes might be lost - proceed with caution!

__metadata:
  version: 6
  cacheKey: 8

"@alinea/iso@link:.::locator=%40alinea%2Fiso%40workspace%3A.":
  version: 0.0.0-use.local
  resolution: "@alinea/iso@link:.::locator=%40alinea%2Fiso%40workspace%3A."
  languageName: node
  linkType: soft

"@alinea/iso@workspace:.":
  version: 0.0.0-use.local
  resolution: "@alinea/iso@workspace:."
  dependencies:
    "@alinea/iso": "link:."
    "@esbx/alias": ^0.0.20
    "@peculiar/webcrypto": ^1.4.0
    "@stardazed/streams-text-encoding": ^1.0.2
    "@types/node": ^18.11.10
    abort-controller: ^3.0.0
    esbuild: ^0.15.18
    formdata-node: ^4.3.3
    typescript: ^4.9.3
    undici: ^5.5.1
    uvu: ^0.5.6
    web-streams-polyfill: ^3.2.1
  languageName: unknown
  linkType: soft

"@esbuild/android-arm@npm:0.15.18":
  version: 0.15.18
  resolution: "@esbuild/android-arm@npm:0.15.18"
  conditions: os=android & cpu=arm
  languageName: node
  linkType: hard

"@esbuild/linux-loong64@npm:0.15.18":
  version: 0.15.18
  resolution: "@esbuild/linux-loong64@npm:0.15.18"
  conditions: os=linux & cpu=loong64
  languageName: node
  linkType: hard

"@esbx/alias@npm:^0.0.20":
  version: 0.0.20
  resolution: "@esbx/alias@npm:0.0.20"
  checksum: 06fee5d27617f9fc54d1dc3ff22c0372dc7af2bb2a65df341926e025371838f228146c4d8b962a064fa4a1ac540fb730a2debebebf1e8df0dc2de740662edc58
  languageName: node
  linkType: hard

"@peculiar/asn1-schema@npm:^2.1.6":
  version: 2.1.9
  resolution: "@peculiar/asn1-schema@npm:2.1.9"
  dependencies:
    asn1js: ^3.0.4
    pvtsutils: ^1.3.2
    tslib: ^2.4.0
  checksum: 557272e51bb76057901d3cbd86333453d1582c616e45911b63625f566879842b62cbe1702fe30bbdb1b00ce32e13e6813dd2e86add387c01452cbf6ca12453d3
  languageName: node
  linkType: hard

"@peculiar/json-schema@npm:^1.1.12":
  version: 1.1.12
  resolution: "@peculiar/json-schema@npm:1.1.12"
  dependencies:
    tslib: ^2.0.0
  checksum: b26ececdc23c5ef25837f8be8d1eb5e1c8bb6e9ae7227ac59ffea57fff56bd05137734e7685e9100595d3d88d906dff638ef8d1df54264c388d3eac1b05aa060
  languageName: node
  linkType: hard

"@peculiar/webcrypto@npm:^1.4.0":
  version: 1.4.0
  resolution: "@peculiar/webcrypto@npm:1.4.0"
  dependencies:
    "@peculiar/asn1-schema": ^2.1.6
    "@peculiar/json-schema": ^1.1.12
    pvtsutils: ^1.3.2
    tslib: ^2.4.0
    webcrypto-core: ^1.7.4
  checksum: 3a7a3c8f253170436f353a61b807d2e2e7a686e6a9607487fde6459ddfff34c8000414287a6cd904bd81e002ce4564811b3c7789a0fd932cf015df6c4002fd02
  languageName: node
  linkType: hard

"@stardazed/streams-text-encoding@npm:^1.0.2":
  version: 1.0.2
  resolution: "@stardazed/streams-text-encoding@npm:1.0.2"
  checksum: 28b226fd77b615de87712c4b54d43f93b1279f26ea1dc8c038b5beb05aff307141861fb2891945146232e93855b94715f96c52bca85280f7c8a1eea232207c3a
  languageName: node
  linkType: hard

"@types/node@npm:^18.11.10":
  version: 18.11.10
  resolution: "@types/node@npm:18.11.10"
  checksum: 0f60cb090b2ee91fcd3dc4311bc1ed7889b92f14644c0069f100776f86474c12eebbcc6c75bc0d7d96b975a103b4d5d6b3c22b4e88bea6e7f4e2b1bb0daf5ea8
  languageName: node
  linkType: hard

"abort-controller@npm:^3.0.0":
  version: 3.0.0
  resolution: "abort-controller@npm:3.0.0"
  dependencies:
    event-target-shim: ^5.0.0
  checksum: 170bdba9b47b7e65906a28c8ce4f38a7a369d78e2271706f020849c1bfe0ee2067d4261df8bbb66eb84f79208fd5b710df759d64191db58cfba7ce8ef9c54b75
  languageName: node
  linkType: hard

"asn1js@npm:^3.0.1, asn1js@npm:^3.0.4":
  version: 3.0.5
  resolution: "asn1js@npm:3.0.5"
  dependencies:
    pvtsutils: ^1.3.2
    pvutils: ^1.1.3
    tslib: ^2.4.0
  checksum: 3b6af1bbadd5762ef8ead5daf2f6bda1bc9e23bc825c4dcc996aa1f9521ad7390a64028565d95d98090d69c8431f004c71cccb866004759169d7c203cf9075eb
  languageName: node
  linkType: hard

"dequal@npm:^2.0.0":
  version: 2.0.3
  resolution: "dequal@npm:2.0.3"
  checksum: 8679b850e1a3d0ebbc46ee780d5df7b478c23f335887464023a631d1b9af051ad4a6595a44220f9ff8ff95a8ddccf019b5ad778a976fd7bbf77383d36f412f90
  languageName: node
  linkType: hard

"diff@npm:^5.0.0":
  version: 5.1.0
  resolution: "diff@npm:5.1.0"
  checksum: c7bf0df7c9bfbe1cf8a678fd1b2137c4fb11be117a67bc18a0e03ae75105e8533dbfb1cda6b46beb3586ef5aed22143ef9d70713977d5fb1f9114e21455fba90
  languageName: node
  linkType: hard

"esbuild-android-64@npm:0.15.18":
  version: 0.15.18
  resolution: "esbuild-android-64@npm:0.15.18"
  conditions: os=android & cpu=x64
  languageName: node
  linkType: hard

"esbuild-android-arm64@npm:0.15.18":
  version: 0.15.18
  resolution: "esbuild-android-arm64@npm:0.15.18"
  conditions: os=android & cpu=arm64
  languageName: node
  linkType: hard

"esbuild-darwin-64@npm:0.15.18":
  version: 0.15.18
  resolution: "esbuild-darwin-64@npm:0.15.18"
  conditions: os=darwin & cpu=x64
  languageName: node
  linkType: hard

"esbuild-darwin-arm64@npm:0.15.18":
  version: 0.15.18
  resolution: "esbuild-darwin-arm64@npm:0.15.18"
  conditions: os=darwin & cpu=arm64
  languageName: node
  linkType: hard

"esbuild-freebsd-64@npm:0.15.18":
  version: 0.15.18
  resolution: "esbuild-freebsd-64@npm:0.15.18"
  conditions: os=freebsd & cpu=x64
  languageName: node
  linkType: hard

"esbuild-freebsd-arm64@npm:0.15.18":
  version: 0.15.18
  resolution: "esbuild-freebsd-arm64@npm:0.15.18"
  conditions: os=freebsd & cpu=arm64
  languageName: node
  linkType: hard

"esbuild-linux-32@npm:0.15.18":
  version: 0.15.18
  resolution: "esbuild-linux-32@npm:0.15.18"
  conditions: os=linux & cpu=ia32
  languageName: node
  linkType: hard

"esbuild-linux-64@npm:0.15.18":
  version: 0.15.18
  resolution: "esbuild-linux-64@npm:0.15.18"
  conditions: os=linux & cpu=x64
  languageName: node
  linkType: hard

"esbuild-linux-arm64@npm:0.15.18":
  version: 0.15.18
  resolution: "esbuild-linux-arm64@npm:0.15.18"
  conditions: os=linux & cpu=arm64
  languageName: node
  linkType: hard

"esbuild-linux-arm@npm:0.15.18":
  version: 0.15.18
  resolution: "esbuild-linux-arm@npm:0.15.18"
  conditions: os=linux & cpu=arm
  languageName: node
  linkType: hard

"esbuild-linux-mips64le@npm:0.15.18":
  version: 0.15.18
  resolution: "esbuild-linux-mips64le@npm:0.15.18"
  conditions: os=linux & cpu=mips64el
  languageName: node
  linkType: hard

"esbuild-linux-ppc64le@npm:0.15.18":
  version: 0.15.18
  resolution: "esbuild-linux-ppc64le@npm:0.15.18"
  conditions: os=linux & cpu=ppc64
  languageName: node
  linkType: hard

"esbuild-linux-riscv64@npm:0.15.18":
  version: 0.15.18
  resolution: "esbuild-linux-riscv64@npm:0.15.18"
  conditions: os=linux & cpu=riscv64
  languageName: node
  linkType: hard

"esbuild-linux-s390x@npm:0.15.18":
  version: 0.15.18
  resolution: "esbuild-linux-s390x@npm:0.15.18"
  conditions: os=linux & cpu=s390x
  languageName: node
  linkType: hard

"esbuild-netbsd-64@npm:0.15.18":
  version: 0.15.18
  resolution: "esbuild-netbsd-64@npm:0.15.18"
  conditions: os=netbsd & cpu=x64
  languageName: node
  linkType: hard

"esbuild-openbsd-64@npm:0.15.18":
  version: 0.15.18
  resolution: "esbuild-openbsd-64@npm:0.15.18"
  conditions: os=openbsd & cpu=x64
  languageName: node
  linkType: hard

"esbuild-sunos-64@npm:0.15.18":
  version: 0.15.18
  resolution: "esbuild-sunos-64@npm:0.15.18"
  conditions: os=sunos & cpu=x64
  languageName: node
  linkType: hard

"esbuild-windows-32@npm:0.15.18":
  version: 0.15.18
  resolution: "esbuild-windows-32@npm:0.15.18"
  conditions: os=win32 & cpu=ia32
  languageName: node
  linkType: hard

"esbuild-windows-64@npm:0.15.18":
  version: 0.15.18
  resolution: "esbuild-windows-64@npm:0.15.18"
  conditions: os=win32 & cpu=x64
  languageName: node
  linkType: hard

"esbuild-windows-arm64@npm:0.15.18":
  version: 0.15.18
  resolution: "esbuild-windows-arm64@npm:0.15.18"
  conditions: os=win32 & cpu=arm64
  languageName: node
  linkType: hard

"esbuild@npm:^0.15.18":
  version: 0.15.18
  resolution: "esbuild@npm:0.15.18"
  dependencies:
    "@esbuild/android-arm": 0.15.18
    "@esbuild/linux-loong64": 0.15.18
    esbuild-android-64: 0.15.18
    esbuild-android-arm64: 0.15.18
    esbuild-darwin-64: 0.15.18
    esbuild-darwin-arm64: 0.15.18
    esbuild-freebsd-64: 0.15.18
    esbuild-freebsd-arm64: 0.15.18
    esbuild-linux-32: 0.15.18
    esbuild-linux-64: 0.15.18
    esbuild-linux-arm: 0.15.18
    esbuild-linux-arm64: 0.15.18
    esbuild-linux-mips64le: 0.15.18
    esbuild-linux-ppc64le: 0.15.18
    esbuild-linux-riscv64: 0.15.18
    esbuild-linux-s390x: 0.15.18
    esbuild-netbsd-64: 0.15.18
    esbuild-openbsd-64: 0.15.18
    esbuild-sunos-64: 0.15.18
    esbuild-windows-32: 0.15.18
    esbuild-windows-64: 0.15.18
    esbuild-windows-arm64: 0.15.18
  dependenciesMeta:
    "@esbuild/android-arm":
      optional: true
    "@esbuild/linux-loong64":
      optional: true
    esbuild-android-64:
      optional: true
    esbuild-android-arm64:
      optional: true
    esbuild-darwin-64:
      optional: true
    esbuild-darwin-arm64:
      optional: true
    esbuild-freebsd-64:
      optional: true
    esbuild-freebsd-arm64:
      optional: true
    esbuild-linux-32:
      optional: true
    esbuild-linux-64:
      optional: true
    esbuild-linux-arm:
      optional: true
    esbuild-linux-arm64:
      optional: true
    esbuild-linux-mips64le:
      optional: true
    esbuild-linux-ppc64le:
      optional: true
    esbuild-linux-riscv64:
      optional: true
    esbuild-linux-s390x:
      optional: true
    esbuild-netbsd-64:
      optional: true
    esbuild-openbsd-64:
      optional: true
    esbuild-sunos-64:
      optional: true
    esbuild-windows-32:
      optional: true
    esbuild-windows-64:
      optional: true
    esbuild-windows-arm64:
      optional: true
  bin:
    esbuild: bin/esbuild
  checksum: ec12682b2cb2d4f0669d0e555028b87a9284ca7f6a1b26e35e69a8697165b35cc682ad598abc70f0bbcfdc12ca84ef888caf5ceee389237862e8f8c17da85f89
  languageName: node
  linkType: hard

"event-target-shim@npm:^5.0.0":
  version: 5.0.1
  resolution: "event-target-shim@npm:5.0.1"
  checksum: 1ffe3bb22a6d51bdeb6bf6f7cf97d2ff4a74b017ad12284cc9e6a279e727dc30a5de6bb613e5596ff4dc3e517841339ad09a7eec44266eccb1aa201a30448166
  languageName: node
  linkType: hard

"formdata-node@npm:^4.3.3":
  version: 4.3.3
  resolution: "formdata-node@npm:4.3.3"
  dependencies:
    node-domexception: 1.0.0
    web-streams-polyfill: 4.0.0-beta.1
  checksum: ad5f627e694a977edb1986c4b351c863196ee409e460c644adcb242bfc78ca9faa4877cba8113a71cecc0f0e21320d3c3d0acac95445817e014001ce147ba362
  languageName: node
  linkType: hard

"kleur@npm:^4.0.3":
  version: 4.1.5
  resolution: "kleur@npm:4.1.5"
  checksum: 1dc476e32741acf0b1b5b0627ffd0d722e342c1b0da14de3e8ae97821327ca08f9fb944542fb3c126d90ac5f27f9d804edbe7c585bf7d12ef495d115e0f22c12
  languageName: node
  linkType: hard

"mri@npm:^1.1.0":
  version: 1.2.0
  resolution: "mri@npm:1.2.0"
  checksum: 83f515abbcff60150873e424894a2f65d68037e5a7fcde8a9e2b285ee9c13ac581b63cfc1e6826c4732de3aeb84902f7c1e16b7aff46cd3f897a0f757a894e85
  languageName: node
  linkType: hard

"node-domexception@npm:1.0.0":
  version: 1.0.0
  resolution: "node-domexception@npm:1.0.0"
  checksum: ee1d37dd2a4eb26a8a92cd6b64dfc29caec72bff5e1ed9aba80c294f57a31ba4895a60fd48347cf17dd6e766da0ae87d75657dfd1f384ebfa60462c2283f5c7f
  languageName: node
  linkType: hard

"pvtsutils@npm:^1.3.2":
  version: 1.3.2
  resolution: "pvtsutils@npm:1.3.2"
  dependencies:
    tslib: ^2.4.0
  checksum: 9b8155611363e2f40276879f2454e60204b45be0cd0482f9373f369308a2e9c76d5d74cdf661a3f5aae8022d75ea159eb0ba38ee78fc782ee3051e4722db98d0
  languageName: node
  linkType: hard

"pvutils@npm:^1.1.3":
  version: 1.1.3
  resolution: "pvutils@npm:1.1.3"
  checksum: 2ee26a9e5176c348977d6ec00d8ee80bff62f51743b1c5fe8abeeb4c5d29d9959cdfe0ce146707a9e6801bce88190fed3002d720b072dc87d031c692820b44c9
  languageName: node
  linkType: hard

"sade@npm:^1.7.3":
  version: 1.8.1
  resolution: "sade@npm:1.8.1"
  dependencies:
    mri: ^1.1.0
  checksum: 0756e5b04c51ccdc8221ebffd1548d0ce5a783a44a0fa9017a026659b97d632913e78f7dca59f2496aa996a0be0b0c322afd87ca72ccd909406f49dbffa0f45d
  languageName: node
  linkType: hard

"tslib@npm:^2.0.0, tslib@npm:^2.4.0":
  version: 2.4.0
  resolution: "tslib@npm:2.4.0"
  checksum: 8c4aa6a3c5a754bf76aefc38026134180c053b7bd2f81338cb5e5ebf96fefa0f417bff221592bf801077f5bf990562f6264fecbc42cd3309b33872cb6fc3b113
  languageName: node
  linkType: hard

"typescript@npm:^4.9.3":
  version: 4.9.3
  resolution: "typescript@npm:4.9.3"
  bin:
    tsc: bin/tsc
    tsserver: bin/tsserver
  checksum: 17b8f816050b412403e38d48eef0e893deb6be522d6dc7caf105e54a72e34daf6835c447735fd2b28b66784e72bfbf87f627abb4818a8e43d1fa8106396128dc
  languageName: node
  linkType: hard

"typescript@patch:typescript@^4.9.3#~builtin<compat/typescript>":
  version: 4.9.3
  resolution: "typescript@patch:typescript@npm%3A4.9.3#~builtin<compat/typescript>::version=4.9.3&hash=d73830"
  bin:
    tsc: bin/tsc
    tsserver: bin/tsserver
  checksum: 67ca21a387c0572f1c04936e638dde7782c5aa520c3754aadc7cc9b7c915da9ebc3e27c601bfff4ccb7d7264e82dce6d277ada82ec09dc75024349e0ef64926d
  languageName: node
  linkType: hard

"undici@npm:^5.5.1":
  version: 5.5.1
  resolution: "undici@npm:5.5.1"
  checksum: c041c9093df7ec683479a9555581206a7c7bebfc1ed6e8669920e55618461fc4ce08938e2fbf8ef7d692c2813c44392b5ed25c58396ee4a72ffd1f1f953712c9
  languageName: node
  linkType: hard

"uvu@npm:^0.5.6":
  version: 0.5.6
  resolution: "uvu@npm:0.5.6"
  dependencies:
    dequal: ^2.0.0
    diff: ^5.0.0
    kleur: ^4.0.3
    sade: ^1.7.3
  bin:
    uvu: bin.js
  checksum: 09460a37975627de9fcad396e5078fb844d01aaf64a6399ebfcfd9e55f1c2037539b47611e8631f89be07656962af0cf48c334993db82b9ae9c3d25ce3862168
  languageName: node
  linkType: hard

"web-streams-polyfill@npm:4.0.0-beta.1":
  version: 4.0.0-beta.1
  resolution: "web-streams-polyfill@npm:4.0.0-beta.1"
  checksum: 94c21d3aba1c26e5942bb210ffd60c6990cbc750d34bdf548ed93ed845f0a6eac89cdae1dd0195afaba15fbcf4aaca9e397ee40fa4d1f2c191d04d43717bd065
  languageName: node
  linkType: hard

"web-streams-polyfill@npm:^3.2.1":
  version: 3.2.1
  resolution: "web-streams-polyfill@npm:3.2.1"
  checksum: b119c78574b6d65935e35098c2afdcd752b84268e18746606af149e3c424e15621b6f1ff0b42b2676dc012fc4f0d313f964b41a4b5031e525faa03997457da02
  languageName: node
  linkType: hard

"webcrypto-core@npm:^1.7.4":
  version: 1.7.5
  resolution: "webcrypto-core@npm:1.7.5"
  dependencies:
    "@peculiar/asn1-schema": ^2.1.6
    "@peculiar/json-schema": ^1.1.12
    asn1js: ^3.0.1
    pvtsutils: ^1.3.2
    tslib: ^2.4.0
  checksum: f6e529ca5c1175b8ccead3547f60efa7a1f8e247aaeab3bd4f096eb9fda11cfc8e6b6fb574bbc5696f608958c491a27e9682c89204412f73fb430e5fcbe9ebac
  languageName: node
  linkType: hard
